
Microsoft Visual Studio Solution File, Format Version 12.00
# Visual Studio Version 17
VisualStudioVersion = 17.10.34928.147
MinimumVisualStudioVersion = 10.0.40219.1
Project("{FAE04EC0-301F-11D3-BF4B-00C04F79EFBC}") = "Testing", "Testing\Testing.csproj", "{722D5BCD-ADA6-4FAE-A105-ECE7E8292D94}"
EndProject
Project("{FAE04EC0-301F-11D3-BF4B-00C04F79EFBC}") = "TestProject1", "TestProject1\TestProject1.csproj", "{3A3A896E-7697-495A-B904-64AF2676D404}"
EndProject
Global
	GlobalSection(SolutionConfigurationPlatforms) = preSolution
		Debug|Any CPU = Debug|Any CPU
		Release|Any CPU = Release|Any CPU
	EndGlobalSection
	GlobalSection(ProjectConfigurationPlatforms) = postSolution
		{722D5BCD-ADA6-4FAE-A105-ECE7E8292D94}.Debug|Any CPU.ActiveCfg = Debug|Any CPU
		{722D5BCD-ADA6-4FAE-A105-ECE7E8292D94}.Debug|Any CPU.Build.0 = Debug|Any CPU
		{722D5BCD-ADA6-4FAE-A105-ECE7E8292D94}.Release|Any CPU.ActiveCfg = Release|Any CPU
		{722D5BCD-ADA6-4FAE-A105-ECE7E8292D94}.Release|Any CPU.Build.0 = Release|Any CPU
		{3A3A896E-7697-495A-B904-64AF2676D404}.Debug|Any CPU.ActiveCfg = Debug|Any CPU
		{3A3A896E-7697-495A-B904-64AF2676D404}.Debug|Any CPU.Build.0 = Debug|Any CPU
		{3A3A896E-7697-495A-B904-64AF2676D404}.Release|Any CPU.ActiveCfg = Release|Any CPU
		{3A3A896E-7697-495A-B904-64AF2676D404}.Release|Any CPU.Build.0 = Release|Any CPU
	EndGlobalSection
	GlobalSection(SolutionProperties) = preSolution
		HideSolutionNode = FALSE
	EndGlobalSection
	GlobalSection(ExtensibilityGlobals) = postSolution
		SolutionGuid = {42CEC397-8964-4CC2-8C59-EFB7427031FB}
	EndGlobalSection
EndGlobal
